
Microsoft Visual Studio Solution File, Format Version 12.00
# Visual Studio Version 17
VisualStudioVersion = 17.3.32804.467
MinimumVisualStudioVersion = 10.0.40219.1
Project("{888888A0-9F3D-457C-B088-3A5042F75D52}") = "Hello World", "Hello World.pyproj", "{004D248D-7EE3-4195-AAF1-9E803BE0749C}"
EndProject
Global
	GlobalSection(SolutionConfigurationPlatforms) = preSolution
		Debug|Any CPU = Debug|Any CPU
		Release|Any CPU = Release|Any CPU
	EndGlobalSection
	GlobalSection(ProjectConfigurationPlatforms) = postSolution
		{004D248D-7EE3-4195-AAF1-9E803BE0749C}.Debug|Any CPU.ActiveCfg = Debug|Any CPU
		{004D248D-7EE3-4195-AAF1-9E803BE0749C}.Release|Any CPU.ActiveCfg = Release|Any CPU
	EndGlobalSection
	GlobalSection(SolutionProperties) = preSolution
		HideSolutionNode = FALSE
	EndGlobalSection
	GlobalSection(ExtensibilityGlobals) = postSolution
		SolutionGuid = {BACA7FFA-3973-4FE4-8A98-6C19AC17506F}
	EndGlobalSection
EndGlobal
